
Microsoft Visual Studio Solution File, Format Version 12.00
# Visual Studio Version 17
VisualStudioVersion = 17.0.31903.59
MinimumVisualStudioVersion = 10.0.40219.1
Project("{2150E333-8FDC-42A3-9474-1A3956D46DE8}") = "src", "src", "{08318771-3DB2-4478-B2C6-A66B0DDF52A5}"
EndProject
Project("{FAE04EC0-301F-11D3-BF4B-00C04F79EFBC}") = "Light.TransactionalOutbox.Core", "src\Light.TransactionalOutbox.Core\Light.TransactionalOutbox.Core.csproj", "{F14B3B19-77BF-4A03-9B2D-5A67964BADC1}"
EndProject
Global
	GlobalSection(SolutionConfigurationPlatforms) = preSolution
		Debug|Any CPU = Debug|Any CPU
		Release|Any CPU = Release|Any CPU
	EndGlobalSection
	GlobalSection(SolutionProperties) = preSolution
		HideSolutionNode = FALSE
	EndGlobalSection
	GlobalSection(ProjectConfigurationPlatforms) = postSolution
		{F14B3B19-77BF-4A03-9B2D-5A67964BADC1}.Debug|Any CPU.ActiveCfg = Debug|Any CPU
		{F14B3B19-77BF-4A03-9B2D-5A67964BADC1}.Debug|Any CPU.Build.0 = Debug|Any CPU
		{F14B3B19-77BF-4A03-9B2D-5A67964BADC1}.Release|Any CPU.ActiveCfg = Release|Any CPU
		{F14B3B19-77BF-4A03-9B2D-5A67964BADC1}.Release|Any CPU.Build.0 = Release|Any CPU
	EndGlobalSection
	GlobalSection(NestedProjects) = preSolution
		{F14B3B19-77BF-4A03-9B2D-5A67964BADC1} = {08318771-3DB2-4478-B2C6-A66B0DDF52A5}
	EndGlobalSection
EndGlobal
